
Microsoft Visual Studio Solution File, Format Version 12.00
# Visual Studio Version 17
VisualStudioVersion = 17.0.31903.59
MinimumVisualStudioVersion = 10.0.40219.1
Project("{2150E333-8FDC-42A3-9474-1A3956D46DE8}") = "src", "src", "{DE1D366F-50D3-4BCE-83EA-B8357447D0A3}"
EndProject
Project("{FAE04EC0-301F-11D3-BF4B-00C04F79EFBC}") = "FileSearcherApp", "src\FileSearcherApp\FileSearcherApp.csproj", "{0DF263DD-EB01-4042-914A-A3ED5B94D1F9}"
EndProject
Global
	GlobalSection(SolutionConfigurationPlatforms) = preSolution
		Debug|Any CPU = Debug|Any CPU
		Release|Any CPU = Release|Any CPU
	EndGlobalSection
	GlobalSection(SolutionProperties) = preSolution
		HideSolutionNode = FALSE
	EndGlobalSection
	GlobalSection(ProjectConfigurationPlatforms) = postSolution
		{0DF263DD-EB01-4042-914A-A3ED5B94D1F9}.Debug|Any CPU.ActiveCfg = Debug|Any CPU
		{0DF263DD-EB01-4042-914A-A3ED5B94D1F9}.Debug|Any CPU.Build.0 = Debug|Any CPU
		{0DF263DD-EB01-4042-914A-A3ED5B94D1F9}.Release|Any CPU.ActiveCfg = Release|Any CPU
		{0DF263DD-EB01-4042-914A-A3ED5B94D1F9}.Release|Any CPU.Build.0 = Release|Any CPU
	EndGlobalSection
	GlobalSection(NestedProjects) = preSolution
		{0DF263DD-EB01-4042-914A-A3ED5B94D1F9} = {DE1D366F-50D3-4BCE-83EA-B8357447D0A3}
	EndGlobalSection
EndGlobal
